
Microsoft Visual Studio Solution File, Format Version 12.00
# Visual Studio Version 17
VisualStudioVersion = 17.0.32014.148
MinimumVisualStudioVersion = 10.0.40219.1
Project("{FAE04EC0-301F-11D3-BF4B-00C04F79EFBC}") = "AutoFisher-SV", "AutoFisher-SV\AutoFisher-SV.csproj", "{BE0B37E3-C601-4853-B053-3D6146585186}"
EndProject
Global
	GlobalSection(SolutionConfigurationPlatforms) = preSolution
		Debug|Any CPU = Debug|Any CPU
		Release|Any CPU = Release|Any CPU
	EndGlobalSection
	GlobalSection(ProjectConfigurationPlatforms) = postSolution
		{BE0B37E3-C601-4853-B053-3D6146585186}.Debug|Any CPU.ActiveCfg = Debug|Any CPU
		{BE0B37E3-C601-4853-B053-3D6146585186}.Debug|Any CPU.Build.0 = Debug|Any CPU
		{BE0B37E3-C601-4853-B053-3D6146585186}.Release|Any CPU.ActiveCfg = Release|Any CPU
		{BE0B37E3-C601-4853-B053-3D6146585186}.Release|Any CPU.Build.0 = Release|Any CPU
	EndGlobalSection
	GlobalSection(SolutionProperties) = preSolution
		HideSolutionNode = FALSE
	EndGlobalSection
	GlobalSection(ExtensibilityGlobals) = postSolution
		SolutionGuid = {953BC24A-DDC7-4295-80B0-206E52E1B184}
	EndGlobalSection
EndGlobal
